
Microsoft Visual Studio Solution File, Format Version 12.00
# Visual Studio Version 16
VisualStudioVersion = 16.0.32510.428
MinimumVisualStudioVersion = 10.0.40219.1
Project("{F184B08F-C81C-45F6-A57F-5ABD9991F28F}") = "PlannerApplication", "PlannerApplication.vbproj", "{1D9614C9-C69F-4E46-A82C-7EFA9CCF6BA2}"
EndProject
Global
	GlobalSection(SolutionConfigurationPlatforms) = preSolution
		Debug|Any CPU = Debug|Any CPU
		Release|Any CPU = Release|Any CPU
	EndGlobalSection
	GlobalSection(ProjectConfigurationPlatforms) = postSolution
		{1D9614C9-C69F-4E46-A82C-7EFA9CCF6BA2}.Debug|Any CPU.ActiveCfg = Debug|Any CPU
		{1D9614C9-C69F-4E46-A82C-7EFA9CCF6BA2}.Debug|Any CPU.Build.0 = Debug|Any CPU
		{1D9614C9-C69F-4E46-A82C-7EFA9CCF6BA2}.Release|Any CPU.ActiveCfg = Release|Any CPU
		{1D9614C9-C69F-4E46-A82C-7EFA9CCF6BA2}.Release|Any CPU.Build.0 = Release|Any CPU
	EndGlobalSection
	GlobalSection(SolutionProperties) = preSolution
		HideSolutionNode = FALSE
	EndGlobalSection
	GlobalSection(ExtensibilityGlobals) = postSolution
		SolutionGuid = {AF9F1C54-D2FD-40B7-B9C2-D7D2C49489B1}
	EndGlobalSection
EndGlobal
